
Microsoft Visual Studio Solution File, Format Version 12.00
Project("{FAE04EC0-301F-11D3-BF4B-00C04F79EFBC}") = "basketballSim", "basketballSim.csproj", "{598EDC51-5D93-472A-82B9-58E9A8C51AB3}"
EndProject
Global
	GlobalSection(SolutionConfigurationPlatforms) = preSolution
		Debug|Any CPU = Debug|Any CPU
		Release|Any CPU = Release|Any CPU
	EndGlobalSection
	GlobalSection(ProjectConfigurationPlatforms) = postSolution
		{598EDC51-5D93-472A-82B9-58E9A8C51AB3}.Debug|Any CPU.ActiveCfg = Debug|Any CPU
		{598EDC51-5D93-472A-82B9-58E9A8C51AB3}.Debug|Any CPU.Build.0 = Debug|Any CPU
		{598EDC51-5D93-472A-82B9-58E9A8C51AB3}.Release|Any CPU.ActiveCfg = Release|Any CPU
		{598EDC51-5D93-472A-82B9-58E9A8C51AB3}.Release|Any CPU.Build.0 = Release|Any CPU
	EndGlobalSection
EndGlobal
